// !$*UTF8*$!
{
	archiveVersion = 1;
	classes = {
	};
	objectVersion = 46;
	objects = {

/* Begin PBXBuildFile section */
		32CE4EA21A483BC20022AE0F /* main.m in Sources */ = {isa = PBXBuildFile; fileRef = 32CE4EA11A483BC20022AE0F /* main.m */; };
		32CE4EA51A483BC20022AE0F /* AppDelegate.m in Sources */ = {isa = PBXBuildFile; fileRef = 32CE4EA41A483BC20022AE0F /* AppDelegate.m */; };
		32CE4EA81A483BC20022AE0F /* Ringtones.xcdatamodeld in Sources */ = {isa = PBXBuildFile; fileRef = 32CE4EA61A483BC20022AE0F /* Ringtones.xcdatamodeld */; };
		32CE4EAB1A483BC20022AE0F /* ViewController.m in Sources */ = {isa = PBXBuildFile; fileRef = 32CE4EAA1A483BC20022AE0F /* ViewController.m */; };
		32CE4EAE1A483BC20022AE0F /* Main.storyboard in Resources */ = {isa = PBXBuildFile; fileRef = 32CE4EAC1A483BC20022AE0F /* Main.storyboard */; };
		32CE4EB01A483BC20022AE0F /* Images.xcassets in Resources */ = {isa = PBXBuildFile; fileRef = 32CE4EAF1A483BC20022AE0F /* Images.xcassets */; };
		32CE4EB31A483BC20022AE0F /* LaunchScreen.xib in Resources */ = {isa = PBXBuildFile; fileRef = 32CE4EB11A483BC20022AE0F /* LaunchScreen.xib */; };
		32CE4EBF1A483BC20022AE0F /* RingtonesTests.m in Sources */ = {isa = PBXBuildFile; fileRef = 32CE4EBE1A483BC20022AE0F /* RingtonesTests.m */; };
		32CE4F441A485F560022AE0F /* DSMainViewController.m in Sources */ = {isa = PBXBuildFile; fileRef = 32CE4F431A485F560022AE0F /* DSMainViewController.m */; };
		32CE4F6B1A485F6B0022AE0F /* AFHTTPRequestOperation.m in Sources */ = {isa = PBXBuildFile; fileRef = 32CE4F471A485F6A0022AE0F /* AFHTTPRequestOperation.m */; };
		32CE4F6C1A485F6B0022AE0F /* AFHTTPRequestOperationManager.m in Sources */ = {isa = PBXBuildFile; fileRef = 32CE4F491A485F6A0022AE0F /* AFHTTPRequestOperationManager.m */; };
		32CE4F6D1A485F6B0022AE0F /* AFHTTPSessionManager.m in Sources */ = {isa = PBXBuildFile; fileRef = 32CE4F4B1A485F6A0022AE0F /* AFHTTPSessionManager.m */; };
		32CE4F6E1A485F6B0022AE0F /* AFNetworkReachabilityManager.m in Sources */ = {isa = PBXBuildFile; fileRef = 32CE4F4E1A485F6A0022AE0F /* AFNetworkReachabilityManager.m */; };
		32CE4F6F1A485F6B0022AE0F /* AFSecurityPolicy.m in Sources */ = {isa = PBXBuildFile; fileRef = 32CE4F501A485F6A0022AE0F /* AFSecurityPolicy.m */; };
		32CE4F701A485F6B0022AE0F /* AFURLConnectionOperation.m in Sources */ = {isa = PBXBuildFile; fileRef = 32CE4F521A485F6A0022AE0F /* AFURLConnectionOperation.m */; };
		32CE4F711A485F6B0022AE0F /* AFURLRequestSerialization.m in Sources */ = {isa = PBXBuildFile; fileRef = 32CE4F541A485F6A0022AE0F /* AFURLRequestSerialization.m */; };
		32CE4F721A485F6B0022AE0F /* AFURLResponseSerialization.m in Sources */ = {isa = PBXBuildFile; fileRef = 32CE4F561A485F6A0022AE0F /* AFURLResponseSerialization.m */; };
		32CE4F731A485F6B0022AE0F /* AFURLSessionManager.m in Sources */ = {isa = PBXBuildFile; fileRef = 32CE4F581A485F6A0022AE0F /* AFURLSessionManager.m */; };
		32CE4F741A485F6B0022AE0F /* AFNetworkActivityIndicatorManager.m in Sources */ = {isa = PBXBuildFile; fileRef = 32CE4F5B1A485F6A0022AE0F /* AFNetworkActivityIndicatorManager.m */; };
		32CE4F751A485F6B0022AE0F /* UIActivityIndicatorView+AFNetworking.m in Sources */ = {isa = PBXBuildFile; fileRef = 32CE4F5D1A485F6B0022AE0F /* UIActivityIndicatorView+AFNetworking.m */; };
		32CE4F761A485F6B0022AE0F /* UIAlertView+AFNetworking.m in Sources */ = {isa = PBXBuildFile; fileRef = 32CE4F5F1A485F6B0022AE0F /* UIAlertView+AFNetworking.m */; };
		32CE4F771A485F6B0022AE0F /* UIButton+AFNetworking.m in Sources */ = {isa = PBXBuildFile; fileRef = 32CE4F611A485F6B0022AE0F /* UIButton+AFNetworking.m */; };
		32CE4F781A485F6B0022AE0F /* UIImageView+AFNetworking.m in Sources */ = {isa = PBXBuildFile; fileRef = 32CE4F631A485F6B0022AE0F /* UIImageView+AFNetworking.m */; };
		32CE4F791A485F6B0022AE0F /* UIProgressView+AFNetworking.m in Sources */ = {isa = PBXBuildFile; fileRef = 32CE4F661A485F6B0022AE0F /* UIProgressView+AFNetworking.m */; };
		32CE4F7A1A485F6B0022AE0F /* UIRefreshControl+AFNetworking.m in Sources */ = {isa = PBXBuildFile; fileRef = 32CE4F681A485F6B0022AE0F /* UIRefreshControl+AFNetworking.m */; };
		32CE4F7B1A485F6B0022AE0F /* UIWebView+AFNetworking.m in Sources */ = {isa = PBXBuildFile; fileRef = 32CE4F6A1A485F6B0022AE0F /* UIWebView+AFNetworking.m */; };
		32CE4F7E1A485F790022AE0F /* DSServerManager.m in Sources */ = {isa = PBXBuildFile; fileRef = 32CE4F7D1A485F790022AE0F /* DSServerManager.m */; };
		32CE4F831A4860510022AE0F /* DSSong.m in Sources */ = {isa = PBXBuildFile; fileRef = 32CE4F821A4860510022AE0F /* DSSong.m */; };
		32CE4F861A4860790022AE0F /* DSSongTableViewCell.m in Sources */ = {isa = PBXBuildFile; fileRef = 32CE4F851A4860790022AE0F /* DSSongTableViewCell.m */; };
		32CE4F891A486F360022AE0F /* DSPeriodTableViewCell.m in Sources */ = {isa = PBXBuildFile; fileRef = 32CE4F881A486F360022AE0F /* DSPeriodTableViewCell.m */; };
		32CEA2FD1A49691A006AD7CC /* AFHTTPRequestOperationLogger.m in Sources */ = {isa = PBXBuildFile; fileRef = 32CEA2FC1A49691A006AD7CC /* AFHTTPRequestOperationLogger.m */; };
		32CEA3001A498E48006AD7CC /* DSSongViewController.m in Sources */ = {isa = PBXBuildFile; fileRef = 32CEA2FF1A498E48006AD7CC /* DSSongViewController.m */; };
		32CEA3051A49B8DA006AD7CC /* DSSoundManager.m in Sources */ = {isa = PBXBuildFile; fileRef = 32CEA3041A49B8DA006AD7CC /* DSSoundManager.m */; };
/* End PBXBuildFile section */

/* Begin PBXContainerItemProxy section */
		32CE4EB91A483BC20022AE0F /* PBXContainerItemProxy */ = {
			isa = PBXContainerItemProxy;
			containerPortal = 32CE4E941A483BC20022AE0F /* Project object */;
			proxyType = 1;
			remoteGlobalIDString = 32CE4E9B1A483BC20022AE0F;
			remoteInfo = Ringtones;
		};
/* End PBXContainerItemProxy section */

/* Begin PBXFileReference section */
		32CE4E9C1A483BC20022AE0F /* Ringtones.app */ = {isa = PBXFileReference; explicitFileType = wrapper.application; includeInIndex = 0; path = Ringtones.app; sourceTree = BUILT_PRODUCTS_DIR; };
		32CE4EA01A483BC20022AE0F /* Info.plist */ = {isa = PBXFileReference; lastKnownFileType = text.plist.xml; path = Info.plist; sourceTree = "<group>"; };
		32CE4EA11A483BC20022AE0F /* main.m */ = {isa = PBXFileReference; lastKnownFileType = sourcecode.c.objc; path = main.m; sourceTree = "<group>"; };
		32CE4EA31A483BC20022AE0F /* AppDelegate.h */ = {isa = PBXFileReference; lastKnownFileType = sourcecode.c.h; path = AppDelegate.h; sourceTree = "<group>"; };
		32CE4EA41A483BC20022AE0F /* AppDelegate.m */ = {isa = PBXFileReference; lastKnownFileType = sourcecode.c.objc; path = AppDelegate.m; sourceTree = "<group>"; };
		32CE4EA71A483BC20022AE0F /* Ringtones.xcdatamodel */ = {isa = PBXFileReference; lastKnownFileType = wrapper.xcdatamodel; path = Ringtones.xcdatamodel; sourceTree = "<group>"; };
		32CE4EA91A483BC20022AE0F /* ViewController.h */ = {isa = PBXFileReference; lastKnownFileType = sourcecode.c.h; path = ViewController.h; sourceTree = "<group>"; };
		32CE4EAA1A483BC20022AE0F /* ViewController.m */ = {isa = PBXFileReference; lastKnownFileType = sourcecode.c.objc; path = ViewController.m; sourceTree = "<group>"; };
		32CE4EAD1A483BC20022AE0F /* Base */ = {isa = PBXFileReference; lastKnownFileType = file.storyboard; name = Base; path = Base.lproj/Main.storyboard; sourceTree = "<group>"; };
		32CE4EAF1A483BC20022AE0F /* Images.xcassets */ = {isa = PBXFileReference; lastKnownFileType = folder.assetcatalog; path = Images.xcassets; sourceTree = "<group>"; };
		32CE4EB21A483BC20022AE0F /* Base */ = {isa = PBXFileReference; lastKnownFileType = file.xib; name = Base; path = Base.lproj/LaunchScreen.xib; sourceTree = "<group>"; };
		32CE4EB81A483BC20022AE0F /* RingtonesTests.xctest */ = {isa = PBXFileReference; explicitFileType = wrapper.cfbundle; includeInIndex = 0; path = RingtonesTests.xctest; sourceTree = BUILT_PRODUCTS_DIR; };
		32CE4EBD1A483BC20022AE0F /* Info.plist */ = {isa = PBXFileReference; lastKnownFileType = text.plist.xml; path = Info.plist; sourceTree = "<group>"; };
		32CE4EBE1A483BC20022AE0F /* RingtonesTests.m */ = {isa = PBXFileReference; lastKnownFileType = sourcecode.c.objc; path = RingtonesTests.m; sourceTree = "<group>"; };
		32CE4F421A485F560022AE0F /* DSMainViewController.h */ = {isa = PBXFileReference; fileEncoding = 4; lastKnownFileType = sourcecode.c.h; name = DSMainViewController.h; path = Ringtones/Controllers/DSMainViewController.h; sourceTree = "<group>"; };
		32CE4F431A485F560022AE0F /* DSMainViewController.m */ = {isa = PBXFileReference; fileEncoding = 4; lastKnownFileType = sourcecode.c.objc; name = DSMainViewController.m; path = Ringtones/Controllers/DSMainViewController.m; sourceTree = "<group>"; };
		32CE4F461A485F6A0022AE0F /* AFHTTPRequestOperation.h */ = {isa = PBXFileReference; fileEncoding = 4; lastKnownFileType = sourcecode.c.h; path = AFHTTPRequestOperation.h; sourceTree = "<group>"; };
		32CE4F471A485F6A0022AE0F /* AFHTTPRequestOperation.m */ = {isa = PBXFileReference; fileEncoding = 4; lastKnownFileType = sourcecode.c.objc; path = AFHTTPRequestOperation.m; sourceTree = "<group>"; };
		32CE4F481A485F6A0022AE0F /* AFHTTPRequestOperationManager.h */ = {isa = PBXFileReference; fileEncoding = 4; lastKnownFileType = sourcecode.c.h; path = AFHTTPRequestOperationManager.h; sourceTree = "<group>"; };
		32CE4F491A485F6A0022AE0F /* AFHTTPRequestOperationManager.m */ = {isa = PBXFileReference; fileEncoding = 4; lastKnownFileType = sourcecode.c.objc; path = AFHTTPRequestOperationManager.m; sourceTree = "<group>"; };
		32CE4F4A1A485F6A0022AE0F /* AFHTTPSessionManager.h */ = {isa = PBXFileReference; fileEncoding = 4; lastKnownFileType = sourcecode.c.h; path = AFHTTPSessionManager.h; sourceTree = "<group>"; };
		32CE4F4B1A485F6A0022AE0F /* AFHTTPSessionManager.m */ = {isa = PBXFileReference; fileEncoding = 4; lastKnownFileType = sourcecode.c.objc; path = AFHTTPSessionManager.m; sourceTree = "<group>"; };
		32CE4F4C1A485F6A0022AE0F /* AFNetworking.h */ = {isa = PBXFileReference; fileEncoding = 4; lastKnownFileType = sourcecode.c.h; path = AFNetworking.h; sourceTree = "<group>"; };
		32CE4F4D1A485F6A0022AE0F /* AFNetworkReachabilityManager.h */ = {isa = PBXFileReference; fileEncoding = 4; lastKnownFileType = sourcecode.c.h; path = AFNetworkReachabilityManager.h; sourceTree = "<group>"; };
		32CE4F4E1A485F6A0022AE0F /* AFNetworkReachabilityManager.m */ = {isa = PBXFileReference; fileEncoding = 4; lastKnownFileType = sourcecode.c.objc; path = AFNetworkReachabilityManager.m; sourceTree = "<group>"; };
		32CE4F4F1A485F6A0022AE0F /* AFSecurityPolicy.h */ = {isa = PBXFileReference; fileEncoding = 4; lastKnownFileType = sourcecode.c.h; path = AFSecurityPolicy.h; sourceTree = "<group>"; };
		32CE4F501A485F6A0022AE0F /* AFSecurityPolicy.m */ = {isa = PBXFileReference; fileEncoding = 4; lastKnownFileType = sourcecode.c.objc; path = AFSecurityPolicy.m; sourceTree = "<group>"; };
		32CE4F511A485F6A0022AE0F /* AFURLConnectionOperation.h */ = {isa = PBXFileReference; fileEncoding = 4; lastKnownFileType = sourcecode.c.h; path = AFURLConnectionOperation.h; sourceTree = "<group>"; };
		32CE4F521A485F6A0022AE0F /* AFURLConnectionOperation.m */ = {isa = PBXFileReference; fileEncoding = 4; lastKnownFileType = sourcecode.c.objc; path = AFURLConnectionOperation.m; sourceTree = "<group>"; };
		32CE4F531A485F6A0022AE0F /* AFURLRequestSerialization.h */ = {isa = PBXFileReference; fileEncoding = 4; lastKnownFileType = sourcecode.c.h; path = AFURLRequestSerialization.h; sourceTree = "<group>"; };
		32CE4F541A485F6A0022AE0F /* AFURLRequestSerialization.m */ = {isa = PBXFileReference; fileEncoding = 4; lastKnownFileType = sourcecode.c.objc; path = AFURLRequestSerialization.m; sourceTree = "<group>"; };
		32CE4F551A485F6A0022AE0F /* AFURLResponseSerialization.h */ = {isa = PBXFileReference; fileEncoding = 4; lastKnownFileType = sourcecode.c.h; path = AFURLResponseSerialization.h; sourceTree = "<group>"; };
		32CE4F561A485F6A0022AE0F /* AFURLResponseSerialization.m */ = {isa = PBXFileReference; fileEncoding = 4; lastKnownFileType = sourcecode.c.objc; path = AFURLResponseSerialization.m; sourceTree = "<group>"; };
		32CE4F571A485F6A0022AE0F /* AFURLSessionManager.h */ = {isa = PBXFileReference; fileEncoding = 4; lastKnownFileType = sourcecode.c.h; path = AFURLSessionManager.h; sourceTree = "<group>"; };
		32CE4F581A485F6A0022AE0F /* AFURLSessionManager.m */ = {isa = PBXFileReference; fileEncoding = 4; lastKnownFileType = sourcecode.c.objc; path = AFURLSessionManager.m; sourceTree = "<group>"; };
		32CE4F5A1A485F6A0022AE0F /* AFNetworkActivityIndicatorManager.h */ = {isa = PBXFileReference; fileEncoding = 4; lastKnownFileType = sourcecode.c.h; path = AFNetworkActivityIndicatorManager.h; sourceTree = "<group>"; };
		32CE4F5B1A485F6A0022AE0F /* AFNetworkActivityIndicatorManager.m */ = {isa = PBXFileReference; fileEncoding = 4; lastKnownFileType = sourcecode.c.objc; path = AFNetworkActivityIndicatorManager.m; sourceTree = "<group>"; };
		32CE4F5C1A485F6B0022AE0F /* UIActivityIndicatorView+AFNetworking.h */ = {isa = PBXFileReference; fileEncoding = 4; lastKnownFileType = sourcecode.c.h; path = "UIActivityIndicatorView+AFNetworking.h"; sourceTree = "<group>"; };
		32CE4F5D1A485F6B0022AE0F /* UIActivityIndicatorView+AFNetworking.m */ = {isa = PBXFileReference; fileEncoding = 4; lastKnownFileType = sourcecode.c.objc; path = "UIActivityIndicatorView+AFNetworking.m"; sourceTree = "<group>"; };
		32CE4F5E1A485F6B0022AE0F /* UIAlertView+AFNetworking.h */ = {isa = PBXFileReference; fileEncoding = 4; lastKnownFileType = sourcecode.c.h; path = "UIAlertView+AFNetworking.h"; sourceTree = "<group>"; };
		32CE4F5F1A485F6B0022AE0F /* UIAlertView+AFNetworking.m */ = {isa = PBXFileReference; fileEncoding = 4; lastKnownFileType = sourcecode.c.objc; path = "UIAlertView+AFNetworking.m"; sourceTree = "<group>"; };
		32CE4F601A485F6B0022AE0F /* UIButton+AFNetworking.h */ = {isa = PBXFileReference; fileEncoding = 4; lastKnownFileType = sourcecode.c.h; path = "UIButton+AFNetworking.h"; sourceTree = "<group>"; };
		32CE4F611A485F6B0022AE0F /* UIButton+AFNetworking.m */ = {isa = PBXFileReference; fileEncoding = 4; lastKnownFileType = sourcecode.c.objc; path = "UIButton+AFNetworking.m"; sourceTree = "<group>"; };
		32CE4F621A485F6B0022AE0F /* UIImageView+AFNetworking.h */ = {isa = PBXFileReference; fileEncoding = 4; lastKnownFileType = sourcecode.c.h; path = "UIImageView+AFNetworking.h"; sourceTree = "<group>"; };
		32CE4F631A485F6B0022AE0F /* UIImageView+AFNetworking.m */ = {isa = PBXFileReference; fileEncoding = 4; lastKnownFileType = sourcecode.c.objc; path = "UIImageView+AFNetworking.m"; sourceTree = "<group>"; };
		32CE4F641A485F6B0022AE0F /* UIKit+AFNetworking.h */ = {isa = PBXFileReference; fileEncoding = 4; lastKnownFileType = sourcecode.c.h; path = "UIKit+AFNetworking.h"; sourceTree = "<group>"; };
		32CE4F651A485F6B0022AE0F /* UIProgressView+AFNetworking.h */ = {isa = PBXFileReference; fileEncoding = 4; lastKnownFileType = sourcecode.c.h; path = "UIProgressView+AFNetworking.h"; sourceTree = "<group>"; };
		32CE4F661A485F6B0022AE0F /* UIProgressView+AFNetworking.m */ = {isa = PBXFileReference; fileEncoding = 4; lastKnownFileType = sourcecode.c.objc; path = "UIProgressView+AFNetworking.m"; sourceTree = "<group>"; };
		32CE4F671A485F6B0022AE0F /* UIRefreshControl+AFNetworking.h */ = {isa = PBXFileReference; fileEncoding = 4; lastKnownFileType = sourcecode.c.h; path = "UIRefreshControl+AFNetworking.h"; sourceTree = "<group>"; };
		32CE4F681A485F6B0022AE0F /* UIRefreshControl+AFNetworking.m */ = {isa = PBXFileReference; fileEncoding = 4; lastKnownFileType = sourcecode.c.objc; path = "UIRefreshControl+AFNetworking.m"; sourceTree = "<group>"; };
		32CE4F691A485F6B0022AE0F /* UIWebView+AFNetworking.h */ = {isa = PBXFileReference; fileEncoding = 4; lastKnownFileType = sourcecode.c.h; path = "UIWebView+AFNetworking.h"; sourceTree = "<group>"; };
		32CE4F6A1A485F6B0022AE0F /* UIWebView+AFNetworking.m */ = {isa = PBXFileReference; fileEncoding = 4; lastKnownFileType = sourcecode.c.objc; path = "UIWebView+AFNetworking.m"; sourceTree = "<group>"; };
		32CE4F7C1A485F790022AE0F /* DSServerManager.h */ = {isa = PBXFileReference; fileEncoding = 4; lastKnownFileType = sourcecode.c.h; name = DSServerManager.h; path = Ringtones/Manager/DSServerManager.h; sourceTree = "<group>"; };
		32CE4F7D1A485F790022AE0F /* DSServerManager.m */ = {isa = PBXFileReference; fileEncoding = 4; lastKnownFileType = sourcecode.c.objc; name = DSServerManager.m; path = Ringtones/Manager/DSServerManager.m; sourceTree = "<group>"; };
		32CE4F811A4860510022AE0F /* DSSong.h */ = {isa = PBXFileReference; fileEncoding = 4; lastKnownFileType = sourcecode.c.h; name = DSSong.h; path = Ringtones/Models/DSSong.h; sourceTree = "<group>"; };
		32CE4F821A4860510022AE0F /* DSSong.m */ = {isa = PBXFileReference; fileEncoding = 4; lastKnownFileType = sourcecode.c.objc; name = DSSong.m; path = Ringtones/Models/DSSong.m; sourceTree = "<group>"; };
		32CE4F841A4860790022AE0F /* DSSongTableViewCell.h */ = {isa = PBXFileReference; fileEncoding = 4; lastKnownFileType = sourcecode.c.h; name = DSSongTableViewCell.h; path = Ringtones/Cells/DSSongTableViewCell.h; sourceTree = "<group>"; };
		32CE4F851A4860790022AE0F /* DSSongTableViewCell.m */ = {isa = PBXFileReference; fileEncoding = 4; lastKnownFileType = sourcecode.c.objc; name = DSSongTableViewCell.m; path = Ringtones/Cells/DSSongTableViewCell.m; sourceTree = "<group>"; };
		32CE4F871A486F360022AE0F /* DSPeriodTableViewCell.h */ = {isa = PBXFileReference; fileEncoding = 4; lastKnownFileType = sourcecode.c.h; name = DSPeriodTableViewCell.h; path = Ringtones/Cells/DSPeriodTableViewCell.h; sourceTree = "<group>"; };
		32CE4F881A486F360022AE0F /* DSPeriodTableViewCell.m */ = {isa = PBXFileReference; fileEncoding = 4; lastKnownFileType = sourcecode.c.objc; name = DSPeriodTableViewCell.m; path = Ringtones/Cells/DSPeriodTableViewCell.m; sourceTree = "<group>"; };
		32CEA2FB1A49691A006AD7CC /* AFHTTPRequestOperationLogger.h */ = {isa = PBXFileReference; fileEncoding = 4; lastKnownFileType = sourcecode.c.h; name = AFHTTPRequestOperationLogger.h; path = Ringtones/libs/AFHTTPRequestOperationLogger.h; sourceTree = "<group>"; };
		32CEA2FC1A49691A006AD7CC /* AFHTTPRequestOperationLogger.m */ = {isa = PBXFileReference; fileEncoding = 4; lastKnownFileType = sourcecode.c.objc; name = AFHTTPRequestOperationLogger.m; path = Ringtones/libs/AFHTTPRequestOperationLogger.m; sourceTree = "<group>"; };
		32CEA2FE1A498E48006AD7CC /* DSSongViewController.h */ = {isa = PBXFileReference; fileEncoding = 4; lastKnownFileType = sourcecode.c.h; name = DSSongViewController.h; path = Ringtones/Controllers/DSSongViewController.h; sourceTree = "<group>"; };
		32CEA2FF1A498E48006AD7CC /* DSSongViewController.m */ = {isa = PBXFileReference; fileEncoding = 4; lastKnownFileType = sourcecode.c.objc; name = DSSongViewController.m; path = Ringtones/Controllers/DSSongViewController.m; sourceTree = "<group>"; };
		32CEA3031A49B8DA006AD7CC /* DSSoundManager.h */ = {isa = PBXFileReference; fileEncoding = 4; lastKnownFileType = sourcecode.c.h; name = DSSoundManager.h; path = Ringtones/Manager/DSSoundManager.h; sourceTree = "<group>"; };
		32CEA3041A49B8DA006AD7CC /* DSSoundManager.m */ = {isa = PBXFileReference; fileEncoding = 4; lastKnownFileType = sourcecode.c.objc; name = DSSoundManager.m; path = Ringtones/Manager/DSSoundManager.m; sourceTree = "<group>"; };
/* End PBXFileReference section */

/* Begin PBXFrameworksBuildPhase section */
		32CE4E991A483BC20022AE0F /* Frameworks */ = {
			isa = PBXFrameworksBuildPhase;
			buildActionMask = 2147483647;
			files = (
			);
			runOnlyForDeploymentPostprocessing = 0;
		};
		32CE4EB51A483BC20022AE0F /* Frameworks */ = {
			isa = PBXFrameworksBuildPhase;
			buildActionMask = 2147483647;
			files = (
			);
			runOnlyForDeploymentPostprocessing = 0;
		};
/* End PBXFrameworksBuildPhase section */

/* Begin PBXGroup section */
		32CE4E931A483BC20022AE0F = {
			isa = PBXGroup;
			children = (
				32CE4F801A485FA10022AE0F /* cells */,
				32CE4F7F1A485F980022AE0F /* models */,
				32CE4F3B1A484E010022AE0F /* controllers */,
				32CE4F371A4844BF0022AE0F /* manager */,
				32CE4EC81A483BEC0022AE0F /* libs */,
				32CE4E9E1A483BC20022AE0F /* Ringtones */,
				32CE4EBB1A483BC20022AE0F /* RingtonesTests */,
				32CE4E9D1A483BC20022AE0F /* Products */,
			);
			sourceTree = "<group>";
		};
		32CE4E9D1A483BC20022AE0F /* Products */ = {
			isa = PBXGroup;
			children = (
				32CE4E9C1A483BC20022AE0F /* Ringtones.app */,
				32CE4EB81A483BC20022AE0F /* RingtonesTests.xctest */,
			);
			name = Products;
			sourceTree = "<group>";
		};
		32CE4E9E1A483BC20022AE0F /* Ringtones */ = {
			isa = PBXGroup;
			children = (
				32CE4EA31A483BC20022AE0F /* AppDelegate.h */,
				32CE4EA41A483BC20022AE0F /* AppDelegate.m */,
				32CE4EA91A483BC20022AE0F /* ViewController.h */,
				32CE4EAA1A483BC20022AE0F /* ViewController.m */,
				32CE4EAC1A483BC20022AE0F /* Main.storyboard */,
				32CE4EAF1A483BC20022AE0F /* Images.xcassets */,
				32CE4EB11A483BC20022AE0F /* LaunchScreen.xib */,
				32CE4EA61A483BC20022AE0F /* Ringtones.xcdatamodeld */,
				32CE4E9F1A483BC20022AE0F /* Supporting Files */,
			);
			path = Ringtones;
			sourceTree = "<group>";
		};
		32CE4E9F1A483BC20022AE0F /* Supporting Files */ = {
			isa = PBXGroup;
			children = (
				32CE4EA01A483BC20022AE0F /* Info.plist */,
				32CE4EA11A483BC20022AE0F /* main.m */,
			);
			name = "Supporting Files";
			sourceTree = "<group>";
		};
		32CE4EBB1A483BC20022AE0F /* RingtonesTests */ = {
			isa = PBXGroup;
			children = (
				32CE4EBE1A483BC20022AE0F /* RingtonesTests.m */,
				32CE4EBC1A483BC20022AE0F /* Supporting Files */,
			);
			path = RingtonesTests;
			sourceTree = "<group>";
		};
		32CE4EBC1A483BC20022AE0F /* Supporting Files */ = {
			isa = PBXGroup;
			children = (
				32CE4EBD1A483BC20022AE0F /* Info.plist */,
			);
			name = "Supporting Files";
			sourceTree = "<group>";
		};
		32CE4EC81A483BEC0022AE0F /* libs */ = {
			isa = PBXGroup;
			children = (
				32CEA2FB1A49691A006AD7CC /* AFHTTPRequestOperationLogger.h */,
				32CEA2FC1A49691A006AD7CC /* AFHTTPRequestOperationLogger.m */,
				32CE4F451A485F6A0022AE0F /* AFNetworking */,
				32CE4F591A485F6A0022AE0F /* UIKit+AFNetworking */,
			);
			name = libs;
			sourceTree = "<group>";
		};
		32CE4F371A4844BF0022AE0F /* manager */ = {
			isa = PBXGroup;
			children = (
				32CE4F7C1A485F790022AE0F /* DSServerManager.h */,
				32CE4F7D1A485F790022AE0F /* DSServerManager.m */,
				32CEA3031A49B8DA006AD7CC /* DSSoundManager.h */,
				32CEA3041A49B8DA006AD7CC /* DSSoundManager.m */,
			);
			name = manager;
			sourceTree = "<group>";
		};
		32CE4F3B1A484E010022AE0F /* controllers */ = {
			isa = PBXGroup;
			children = (
				32CE4F421A485F560022AE0F /* DSMainViewController.h */,
				32CE4F431A485F560022AE0F /* DSMainViewController.m */,
				32CEA2FE1A498E48006AD7CC /* DSSongViewController.h */,
				32CEA2FF1A498E48006AD7CC /* DSSongViewController.m */,
			);
			name = controllers;
			sourceTree = "<group>";
		};
		32CE4F451A485F6A0022AE0F /* AFNetworking */ = {
			isa = PBXGroup;
			children = (
				32CE4F461A485F6A0022AE0F /* AFHTTPRequestOperation.h */,
				32CE4F471A485F6A0022AE0F /* AFHTTPRequestOperation.m */,
				32CE4F481A485F6A0022AE0F /* AFHTTPRequestOperationManager.h */,
				32CE4F491A485F6A0022AE0F /* AFHTTPRequestOperationManager.m */,
				32CE4F4A1A485F6A0022AE0F /* AFHTTPSessionManager.h */,
				32CE4F4B1A485F6A0022AE0F /* AFHTTPSessionManager.m */,
				32CE4F4C1A485F6A0022AE0F /* AFNetworking.h */,
				32CE4F4D1A485F6A0022AE0F /* AFNetworkReachabilityManager.h */,
				32CE4F4E1A485F6A0022AE0F /* AFNetworkReachabilityManager.m */,
				32CE4F4F1A485F6A0022AE0F /* AFSecurityPolicy.h */,
				32CE4F501A485F6A0022AE0F /* AFSecurityPolicy.m */,
				32CE4F511A485F6A0022AE0F /* AFURLConnectionOperation.h */,
				32CE4F521A485F6A0022AE0F /* AFURLConnectionOperation.m */,
				32CE4F531A485F6A0022AE0F /* AFURLRequestSerialization.h */,
				32CE4F541A485F6A0022AE0F /* AFURLRequestSerialization.m */,
				32CE4F551A485F6A0022AE0F /* AFURLResponseSerialization.h */,
				32CE4F561A485F6A0022AE0F /* AFURLResponseSerialization.m */,
				32CE4F571A485F6A0022AE0F /* AFURLSessionManager.h */,
				32CE4F581A485F6A0022AE0F /* AFURLSessionManager.m */,
			);
			name = AFNetworking;
			path = Ringtones/libs/AFNetworking;
			sourceTree = "<group>";
		};
		32CE4F591A485F6A0022AE0F /* UIKit+AFNetworking */ = {
			isa = PBXGroup;
			children = (
				32CE4F5A1A485F6A0022AE0F /* AFNetworkActivityIndicatorManager.h */,
				32CE4F5B1A485F6A0022AE0F /* AFNetworkActivityIndicatorManager.m */,
				32CE4F5C1A485F6B0022AE0F /* UIActivityIndicatorView+AFNetworking.h */,
				32CE4F5D1A485F6B0022AE0F /* UIActivityIndicatorView+AFNetworking.m */,
				32CE4F5E1A485F6B0022AE0F /* UIAlertView+AFNetworking.h */,
				32CE4F5F1A485F6B0022AE0F /* UIAlertView+AFNetworking.m */,
				32CE4F601A485F6B0022AE0F /* UIButton+AFNetworking.h */,
				32CE4F611A485F6B0022AE0F /* UIButton+AFNetworking.m */,
				32CE4F621A485F6B0022AE0F /* UIImageView+AFNetworking.h */,
				32CE4F631A485F6B0022AE0F /* UIImageView+AFNetworking.m */,
				32CE4F641A485F6B0022AE0F /* UIKit+AFNetworking.h */,
				32CE4F651A485F6B0022AE0F /* UIProgressView+AFNetworking.h */,
				32CE4F661A485F6B0022AE0F /* UIProgressView+AFNetworking.m */,
				32CE4F671A485F6B0022AE0F /* UIRefreshControl+AFNetworking.h */,
				32CE4F681A485F6B0022AE0F /* UIRefreshControl+AFNetworking.m */,
				32CE4F691A485F6B0022AE0F /* UIWebView+AFNetworking.h */,
				32CE4F6A1A485F6B0022AE0F /* UIWebView+AFNetworking.m */,
			);
			name = "UIKit+AFNetworking";
			path = "Ringtones/libs/UIKit+AFNetworking";
			sourceTree = "<group>";
		};
		32CE4F7F1A485F980022AE0F /* models */ = {
			isa = PBXGroup;
			children = (
				32CE4F811A4860510022AE0F /* DSSong.h */,
				32CE4F821A4860510022AE0F /* DSSong.m */,
			);
			name = models;
			sourceTree = "<group>";
		};
		32CE4F801A485FA10022AE0F /* cells */ = {
			isa = PBXGroup;
			children = (
				32CE4F871A486F360022AE0F /* DSPeriodTableViewCell.h */,
				32CE4F881A486F360022AE0F /* DSPeriodTableViewCell.m */,
				32CE4F841A4860790022AE0F /* DSSongTableViewCell.h */,
				32CE4F851A4860790022AE0F /* DSSongTableViewCell.m */,
			);
			name = cells;
			sourceTree = "<group>";
		};
/* End PBXGroup section */

/* Begin PBXNativeTarget section */
		32CE4E9B1A483BC20022AE0F /* Ringtones */ = {
			isa = PBXNativeTarget;
			buildConfigurationList = 32CE4EC21A483BC20022AE0F /* Build configuration list for PBXNativeTarget "Ringtones" */;
			buildPhases = (
				32CE4E981A483BC20022AE0F /* Sources */,
				32CE4E991A483BC20022AE0F /* Frameworks */,
				32CE4E9A1A483BC20022AE0F /* Resources */,
			);
			buildRules = (
			);
			dependencies = (
			);
			name = Ringtones;
			productName = Ringtones;
			productReference = 32CE4E9C1A483BC20022AE0F /* Ringtones.app */;
			productType = "com.apple.product-type.application";
		};
		32CE4EB71A483BC20022AE0F /* RingtonesTests */ = {
			isa = PBXNativeTarget;
			buildConfigurationList = 32CE4EC51A483BC20022AE0F /* Build configuration list for PBXNativeTarget "RingtonesTests" */;
			buildPhases = (
				32CE4EB41A483BC20022AE0F /* Sources */,
				32CE4EB51A483BC20022AE0F /* Frameworks */,
				32CE4EB61A483BC20022AE0F /* Resources */,
			);
			buildRules = (
			);
			dependencies = (
				32CE4EBA1A483BC20022AE0F /* PBXTargetDependency */,
			);
			name = RingtonesTests;
			productName = RingtonesTests;
			productReference = 32CE4EB81A483BC20022AE0F /* RingtonesTests.xctest */;
			productType = "com.apple.product-type.bundle.unit-test";
		};
/* End PBXNativeTarget section */

/* Begin PBXProject section */
		32CE4E941A483BC20022AE0F /* Project object */ = {
			isa = PBXProject;
			attributes = {
				LastUpgradeCheck = 0610;
				ORGANIZATIONNAME = BestAppStudio;
				TargetAttributes = {
					32CE4E9B1A483BC20022AE0F = {
						CreatedOnToolsVersion = 6.1.1;
						SystemCapabilities = {
							com.apple.BackgroundModes = {
								enabled = 1;
							};
						};
					};
					32CE4EB71A483BC20022AE0F = {
						CreatedOnToolsVersion = 6.1.1;
						TestTargetID = 32CE4E9B1A483BC20022AE0F;
					};
				};
			};
			buildConfigurationList = 32CE4E971A483BC20022AE0F /* Build configuration list for PBXProject "Ringtones" */;
			compatibilityVersion = "Xcode 3.2";
			developmentRegion = English;
			hasScannedForEncodings = 0;
			knownRegions = (
				en,
				Base,
			);
			mainGroup = 32CE4E931A483BC20022AE0F;
			productRefGroup = 32CE4E9D1A483BC20022AE0F /* Products */;
			projectDirPath = "";
			projectRoot = "";
			targets = (
				32CE4E9B1A483BC20022AE0F /* Ringtones */,
				32CE4EB71A483BC20022AE0F /* RingtonesTests */,
			);
		};
/* End PBXProject section */

/* Begin PBXResourcesBuildPhase section */
		32CE4E9A1A483BC20022AE0F /* Resources */ = {
			isa = PBXResourcesBuildPhase;
			buildActionMask = 2147483647;
			files = (
				32CE4EAE1A483BC20022AE0F /* Main.storyboard in Resources */,
				32CE4EB31A483BC20022AE0F /* LaunchScreen.xib in Resources */,
				32CE4EB01A483BC20022AE0F /* Images.xcassets in Resources */,
			);
			runOnlyForDeploymentPostprocessing = 0;
		};
		32CE4EB61A483BC20022AE0F /* Resources */ = {
			isa = PBXResourcesBuildPhase;
			buildActionMask = 2147483647;
			files = (
			);
			runOnlyForDeploymentPostprocessing = 0;
		};
/* End PBXResourcesBuildPhase section */

/* Begin PBXSourcesBuildPhase section */
		32CE4E981A483BC20022AE0F /* Sources */ = {
			isa = PBXSourcesBuildPhase;
			buildActionMask = 2147483647;
			files = (
				32CE4F831A4860510022AE0F /* DSSong.m in Sources */,
				32CE4F701A485F6B0022AE0F /* AFURLConnectionOperation.m in Sources */,
				32CEA3051A49B8DA006AD7CC /* DSSoundManager.m in Sources */,
				32CE4F6B1A485F6B0022AE0F /* AFHTTPRequestOperation.m in Sources */,
				32CE4F771A485F6B0022AE0F /* UIButton+AFNetworking.m in Sources */,
				32CE4F6E1A485F6B0022AE0F /* AFNetworkReachabilityManager.m in Sources */,
				32CE4F791A485F6B0022AE0F /* UIProgressView+AFNetworking.m in Sources */,
				32CEA3001A498E48006AD7CC /* DSSongViewController.m in Sources */,
				32CE4F731A485F6B0022AE0F /* AFURLSessionManager.m in Sources */,
				32CE4F711A485F6B0022AE0F /* AFURLRequestSerialization.m in Sources */,
				32CE4F441A485F560022AE0F /* DSMainViewController.m in Sources */,
				32CE4F7A1A485F6B0022AE0F /* UIRefreshControl+AFNetworking.m in Sources */,
				32CE4F721A485F6B0022AE0F /* AFURLResponseSerialization.m in Sources */,
				32CE4F7E1A485F790022AE0F /* DSServerManager.m in Sources */,
				32CE4EA51A483BC20022AE0F /* AppDelegate.m in Sources */,
				32CE4F861A4860790022AE0F /* DSSongTableViewCell.m in Sources */,
				32CEA2FD1A49691A006AD7CC /* AFHTTPRequestOperationLogger.m in Sources */,
				32CE4F781A485F6B0022AE0F /* UIImageView+AFNetworking.m in Sources */,
				32CE4F891A486F360022AE0F /* DSPeriodTableViewCell.m in Sources */,
				32CE4EA21A483BC20022AE0F /* main.m in Sources */,
				32CE4F761A485F6B0022AE0F /* UIAlertView+AFNetworking.m in Sources */,
				32CE4F6C1A485F6B0022AE0F /* AFHTTPRequestOperationManager.m in Sources */,
				32CE4F6F1A485F6B0022AE0F /* AFSecurityPolicy.m in Sources */,
				32CE4F7B1A485F6B0022AE0F /* UIWebView+AFNetworking.m in Sources */,
				32CE4EAB1A483BC20022AE0F /* ViewController.m in Sources */,
				32CE4EA81A483BC20022AE0F /* Ringtones.xcdatamodeld in Sources */,
				32CE4F6D1A485F6B0022AE0F /* AFHTTPSessionManager.m in Sources */,
				32CE4F751A485F6B0022AE0F /* UIActivityIndicatorView+AFNetworking.m in Sources */,
				32CE4F741A485F6B0022AE0F /* AFNetworkActivityIndicatorManager.m in Sources */,
			);
			runOnlyForDeploymentPostprocessing = 0;
		};
		32CE4EB41A483BC20022AE0F /* Sources */ = {
			isa = PBXSourcesBuildPhase;
			buildActionMask = 2147483647;
			files = (
				32CE4EBF1A483BC20022AE0F /* RingtonesTests.m in Sources */,
			);
			runOnlyForDeploymentPostprocessing = 0;
		};
/* End PBXSourcesBuildPhase section */

/* Begin PBXTargetDependency section */
		32CE4EBA1A483BC20022AE0F /* PBXTargetDependency */ = {
			isa = PBXTargetDependency;
			target = 32CE4E9B1A483BC20022AE0F /* Ringtones */;
			targetProxy = 32CE4EB91A483BC20022AE0F /* PBXContainerItemProxy */;
		};
/* End PBXTargetDependency section */

/* Begin PBXVariantGroup section */
		32CE4EAC1A483BC20022AE0F /* Main.storyboard */ = {
			isa = PBXVariantGroup;
			children = (
				32CE4EAD1A483BC20022AE0F /* Base */,
			);
			name = Main.storyboard;
			sourceTree = "<group>";
		};
		32CE4EB11A483BC20022AE0F /* LaunchScreen.xib */ = {
			isa = PBXVariantGroup;
			children = (
				32CE4EB21A483BC20022AE0F /* Base */,
			);
			name = LaunchScreen.xib;
			sourceTree = "<group>";
		};
/* End PBXVariantGroup section */

/* Begin XCBuildConfiguration section */
		32CE4EC01A483BC20022AE0F /* Debug */ = {
			isa = XCBuildConfiguration;
			buildSettings = {
				ALWAYS_SEARCH_USER_PATHS = NO;
				CLANG_CXX_LANGUAGE_STANDARD = "gnu++0x";
				CLANG_CXX_LIBRARY = "libc++";
				CLANG_ENABLE_MODULES = YES;
				CLANG_ENABLE_OBJC_ARC = YES;
				CLANG_WARN_BOOL_CONVERSION = YES;
				CLANG_WARN_CONSTANT_CONVERSION = YES;
				CLANG_WARN_DIRECT_OBJC_ISA_USAGE = YES_ERROR;
				CLANG_WARN_EMPTY_BODY = YES;
				CLANG_WARN_ENUM_CONVERSION = YES;
				CLANG_WARN_INT_CONVERSION = YES;
				CLANG_WARN_OBJC_ROOT_CLASS = YES_ERROR;
				CLANG_WARN_UNREACHABLE_CODE = YES;
				CLANG_WARN__DUPLICATE_METHOD_MATCH = YES;
				"CODE_SIGN_IDENTITY[sdk=iphoneos*]" = "iPhone Developer";
				COPY_PHASE_STRIP = NO;
				ENABLE_STRICT_OBJC_MSGSEND = YES;
				GCC_C_LANGUAGE_STANDARD = gnu99;
				GCC_DYNAMIC_NO_PIC = NO;
				GCC_OPTIMIZATION_LEVEL = 0;
				GCC_PREPROCESSOR_DEFINITIONS = (
					"DEBUG=1",
					"$(inherited)",
				);
				GCC_SYMBOLS_PRIVATE_EXTERN = NO;
				GCC_WARN_64_TO_32_BIT_CONVERSION = YES;
				GCC_WARN_ABOUT_RETURN_TYPE = YES_ERROR;
				GCC_WARN_UNDECLARED_SELECTOR = YES;
				GCC_WARN_UNINITIALIZED_AUTOS = YES_AGGRESSIVE;
				GCC_WARN_UNUSED_FUNCTION = YES;
				GCC_WARN_UNUSED_VARIABLE = YES;
				IPHONEOS_DEPLOYMENT_TARGET = 8.1;
				MTL_ENABLE_DEBUG_INFO = YES;
				ONLY_ACTIVE_ARCH = YES;
				SDKROOT = iphoneos;
			};
			name = Debug;
		};
		32CE4EC11A483BC20022AE0F /* Release */ = {
			isa = XCBuildConfiguration;
			buildSettings = {
				ALWAYS_SEARCH_USER_PATHS = NO;
				CLANG_CXX_LANGUAGE_STANDARD = "gnu++0x";
				CLANG_CXX_LIBRARY = "libc++";
				CLANG_ENABLE_MODULES = YES;
				CLANG_ENABLE_OBJC_ARC = YES;
				CLANG_WARN_BOOL_CONVERSION = YES;
				CLANG_WARN_CONSTANT_CONVERSION = YES;
				CLANG_WARN_DIRECT_OBJC_ISA_USAGE = YES_ERROR;
				CLANG_WARN_EMPTY_BODY = YES;
				CLANG_WARN_ENUM_CONVERSION = YES;
				CLANG_WARN_INT_CONVERSION = YES;
				CLANG_WARN_OBJC_ROOT_CLASS = YES_ERROR;
				CLANG_WARN_UNREACHABLE_CODE = YES;
				CLANG_WARN__DUPLICATE_METHOD_MATCH = YES;
				"CODE_SIGN_IDENTITY[sdk=iphoneos*]" = "iPhone Developer";
				COPY_PHASE_STRIP = YES;
				ENABLE_NS_ASSERTIONS = NO;
				ENABLE_STRICT_OBJC_MSGSEND = YES;
				GCC_C_LANGUAGE_STANDARD = gnu99;
				GCC_WARN_64_TO_32_BIT_CONVERSION = YES;
				GCC_WARN_ABOUT_RETURN_TYPE = YES_ERROR;
				GCC_WARN_UNDECLARED_SELECTOR = YES;
				GCC_WARN_UNINITIALIZED_AUTOS = YES_AGGRESSIVE;
				GCC_WARN_UNUSED_FUNCTION = YES;
				GCC_WARN_UNUSED_VARIABLE = YES;
				IPHONEOS_DEPLOYMENT_TARGET = 8.1;
				MTL_ENABLE_DEBUG_INFO = NO;
				SDKROOT = iphoneos;
				VALIDATE_PRODUCT = YES;
			};
			name = Release;
		};
		32CE4EC31A483BC20022AE0F /* Debug */ = {
			isa = XCBuildConfiguration;
			buildSettings = {
				ASSETCATALOG_COMPILER_APPICON_NAME = AppIcon;
				INFOPLIST_FILE = Ringtones/Info.plist;
				LD_RUNPATH_SEARCH_PATHS = "$(inherited) @executable_path/Frameworks";
				PRODUCT_NAME = "$(TARGET_NAME)";
			};
			name = Debug;
		};
		32CE4EC41A483BC20022AE0F /* Release */ = {
			isa = XCBuildConfiguration;
			buildSettings = {
				ASSETCATALOG_COMPILER_APPICON_NAME = AppIcon;
				INFOPLIST_FILE = Ringtones/Info.plist;
				LD_RUNPATH_SEARCH_PATHS = "$(inherited) @executable_path/Frameworks";
				PRODUCT_NAME = "$(TARGET_NAME)";
			};
			name = Release;
		};
		32CE4EC61A483BC20022AE0F /* Debug */ = {
			isa = XCBuildConfiguration;
			buildSettings = {
				BUNDLE_LOADER = "$(TEST_HOST)";
				FRAMEWORK_SEARCH_PATHS = (
					"$(SDKROOT)/Developer/Library/Frameworks",
					"$(inherited)",
				);
				GCC_PREPROCESSOR_DEFINITIONS = (
					"DEBUG=1",
					"$(inherited)",
				);
				INFOPLIST_FILE = RingtonesTests/Info.plist;
				LD_RUNPATH_SEARCH_PATHS = "$(inherited) @executable_path/Frameworks @loader_path/Frameworks";
				PRODUCT_NAME = "$(TARGET_NAME)";
				TEST_HOST = "$(BUILT_PRODUCTS_DIR)/Ringtones.app/Ringtones";
			};
			name = Debug;
		};
		32CE4EC71A483BC20022AE0F /* Release */ = {
			isa = XCBuildConfiguration;
			buildSettings = {
				BUNDLE_LOADER = "$(TEST_HOST)";
				FRAMEWORK_SEARCH_PATHS = (
					"$(SDKROOT)/Developer/Library/Frameworks",
					"$(inherited)",
				);
				INFOPLIST_FILE = RingtonesTests/Info.plist;
				LD_RUNPATH_SEARCH_PATHS = "$(inherited) @executable_path/Frameworks @loader_path/Frameworks";
				PRODUCT_NAME = "$(TARGET_NAME)";
				TEST_HOST = "$(BUILT_PRODUCTS_DIR)/Ringtones.app/Ringtones";
			};
			name = Release;
		};
/* End XCBuildConfiguration section */

/* Begin XCConfigurationList section */
		32CE4E971A483BC20022AE0F /* Build configuration list for PBXProject "Ringtones" */ = {
			isa = XCConfigurationList;
			buildConfigurations = (
				32CE4EC01A483BC20022AE0F /* Debug */,
				32CE4EC11A483BC20022AE0F /* Release */,
			);
			defaultConfigurationIsVisible = 0;
			defaultConfigurationName = Release;
		};
		32CE4EC21A483BC20022AE0F /* Build configuration list for PBXNativeTarget "Ringtones" */ = {
			isa = XCConfigurationList;
			buildConfigurations = (
				32CE4EC31A483BC20022AE0F /* Debug */,
				32CE4EC41A483BC20022AE0F /* Release */,
			);
			defaultConfigurationIsVisible = 0;
			defaultConfigurationName = Release;
		};
		32CE4EC51A483BC20022AE0F /* Build configuration list for PBXNativeTarget "RingtonesTests" */ = {
			isa = XCConfigurationList;
			buildConfigurations = (
				32CE4EC61A483BC20022AE0F /* Debug */,
				32CE4EC71A483BC20022AE0F /* Release */,
			);
			defaultConfigurationIsVisible = 0;
			defaultConfigurationName = Release;
		};
/* End XCConfigurationList section */

/* Begin XCVersionGroup section */
		32CE4EA61A483BC20022AE0F /* Ringtones.xcdatamodeld */ = {
			isa = XCVersionGroup;
			children = (
				32CE4EA71A483BC20022AE0F /* Ringtones.xcdatamodel */,
			);
			currentVersion = 32CE4EA71A483BC20022AE0F /* Ringtones.xcdatamodel */;
			path = Ringtones.xcdatamodeld;
			sourceTree = "<group>";
			versionGroupType = wrapper.xcdatamodel;
		};
/* End XCVersionGroup section */
	};
	rootObject = 32CE4E941A483BC20022AE0F /* Project object */;
}
